// !$*UTF8*$!
{
	archiveVersion = 1;
	classes = {
	};
	objectVersion = 46;
	objects = {

/* Begin PBXBuildFile section */
		046A15B31C911D0000D81D23 /* HomeController.m in Sources */ = {isa = PBXBuildFile; fileRef = 046A15B21C911D0000D81D23 /* HomeController.m */; };
		046A15B61C911D2000D81D23 /* MessageController.m in Sources */ = {isa = PBXBuildFile; fileRef = 046A15B51C911D2000D81D23 /* MessageController.m */; };
		046A15B91C911D3700D81D23 /* DiscoverController.m in Sources */ = {isa = PBXBuildFile; fileRef = 046A15B81C911D3700D81D23 /* DiscoverController.m */; };
		046A15BC1C911D4F00D81D23 /* MoreController.m in Sources */ = {isa = PBXBuildFile; fileRef = 046A15BB1C911D4F00D81D23 /* MoreController.m */; };
		046A15BF1C911FF100D81D23 /* RootViewController.m in Sources */ = {isa = PBXBuildFile; fileRef = 046A15BE1C911FF100D81D23 /* RootViewController.m */; };
		046A15C31C91468F00D81D23 /* TestViewController.m in Sources */ = {isa = PBXBuildFile; fileRef = 046A15C11C91468F00D81D23 /* TestViewController.m */; };
		046A15C41C91468F00D81D23 /* TestViewController.xib in Resources */ = {isa = PBXBuildFile; fileRef = 046A15C21C91468F00D81D23 /* TestViewController.xib */; };
		046A15C81C914F1D00D81D23 /* UIView+Extension.m in Sources */ = {isa = PBXBuildFile; fileRef = 046A15C71C914F1D00D81D23 /* UIView+Extension.m */; };
		046A15CC1C91512200D81D23 /* Test2ViewController.m in Sources */ = {isa = PBXBuildFile; fileRef = 046A15CA1C91512200D81D23 /* Test2ViewController.m */; };
		046A15CD1C91512200D81D23 /* Test2ViewController.xib in Resources */ = {isa = PBXBuildFile; fileRef = 046A15CB1C91512200D81D23 /* Test2ViewController.xib */; };
		046A15D01C91585400D81D23 /* NavigationController.m in Sources */ = {isa = PBXBuildFile; fileRef = 046A15CF1C91585400D81D23 /* NavigationController.m */; };
		04CB877E1C9010500015F0B2 /* main.m in Sources */ = {isa = PBXBuildFile; fileRef = 04CB877D1C9010500015F0B2 /* main.m */; };
		04CB87971C9010500015F0B2 /* __Tests.m in Sources */ = {isa = PBXBuildFile; fileRef = 04CB87961C9010500015F0B2 /* __Tests.m */; };
		04CB87A21C9010500015F0B2 /* __UITests.m in Sources */ = {isa = PBXBuildFile; fileRef = 04CB87A11C9010500015F0B2 /* __UITests.m */; };
		04CB87B21C9011480015F0B2 /* Images.xcassets in Resources */ = {isa = PBXBuildFile; fileRef = 04CB87B11C9011480015F0B2 /* Images.xcassets */; };
		04CB87B61C90121B0015F0B2 /* AppDelegate.m in Sources */ = {isa = PBXBuildFile; fileRef = 04CB87B51C90121B0015F0B2 /* AppDelegate.m */; };
/* End PBXBuildFile section */

/* Begin PBXContainerItemProxy section */
		04CB87931C9010500015F0B2 /* PBXContainerItemProxy */ = {
			isa = PBXContainerItemProxy;
			containerPortal = 04CB87711C9010500015F0B2 /* Project object */;
			proxyType = 1;
			remoteGlobalIDString = 04CB87781C9010500015F0B2;
			remoteInfo = "微博";
		};
		04CB879E1C9010500015F0B2 /* PBXContainerItemProxy */ = {
			isa = PBXContainerItemProxy;
			containerPortal = 04CB87711C9010500015F0B2 /* Project object */;
			proxyType = 1;
			remoteGlobalIDString = 04CB87781C9010500015F0B2;
			remoteInfo = "微博";
		};
/* End PBXContainerItemProxy section */

/* Begin PBXFileReference section */
		046A15B11C911D0000D81D23 /* HomeController.h */ = {isa = PBXFileReference; fileEncoding = 4; lastKnownFileType = sourcecode.c.h; path = HomeController.h; sourceTree = "<group>"; };
		046A15B21C911D0000D81D23 /* HomeController.m */ = {isa = PBXFileReference; fileEncoding = 4; lastKnownFileType = sourcecode.c.objc; path = HomeController.m; sourceTree = "<group>"; };
		046A15B41C911D2000D81D23 /* MessageController.h */ = {isa = PBXFileReference; fileEncoding = 4; lastKnownFileType = sourcecode.c.h; path = MessageController.h; sourceTree = "<group>"; };
		046A15B51C911D2000D81D23 /* MessageController.m */ = {isa = PBXFileReference; fileEncoding = 4; lastKnownFileType = sourcecode.c.objc; path = MessageController.m; sourceTree = "<group>"; };
		046A15B71C911D3700D81D23 /* DiscoverController.h */ = {isa = PBXFileReference; fileEncoding = 4; lastKnownFileType = sourcecode.c.h; path = DiscoverController.h; sourceTree = "<group>"; };
		046A15B81C911D3700D81D23 /* DiscoverController.m */ = {isa = PBXFileReference; fileEncoding = 4; lastKnownFileType = sourcecode.c.objc; path = DiscoverController.m; sourceTree = "<group>"; };
		046A15BA1C911D4F00D81D23 /* MoreController.h */ = {isa = PBXFileReference; fileEncoding = 4; lastKnownFileType = sourcecode.c.h; path = MoreController.h; sourceTree = "<group>"; };
		046A15BB1C911D4F00D81D23 /* MoreController.m */ = {isa = PBXFileReference; fileEncoding = 4; lastKnownFileType = sourcecode.c.objc; path = MoreController.m; sourceTree = "<group>"; };
		046A15BD1C911FF100D81D23 /* RootViewController.h */ = {isa = PBXFileReference; fileEncoding = 4; lastKnownFileType = sourcecode.c.h; path = RootViewController.h; sourceTree = "<group>"; };
		046A15BE1C911FF100D81D23 /* RootViewController.m */ = {isa = PBXFileReference; fileEncoding = 4; lastKnownFileType = sourcecode.c.objc; path = RootViewController.m; sourceTree = "<group>"; };
		046A15C01C91468F00D81D23 /* TestViewController.h */ = {isa = PBXFileReference; fileEncoding = 4; lastKnownFileType = sourcecode.c.h; path = TestViewController.h; sourceTree = "<group>"; };
		046A15C11C91468F00D81D23 /* TestViewController.m */ = {isa = PBXFileReference; fileEncoding = 4; lastKnownFileType = sourcecode.c.objc; path = TestViewController.m; sourceTree = "<group>"; };
		046A15C21C91468F00D81D23 /* TestViewController.xib */ = {isa = PBXFileReference; fileEncoding = 4; lastKnownFileType = file.xib; path = TestViewController.xib; sourceTree = "<group>"; };
		046A15C61C914F1D00D81D23 /* UIView+Extension.h */ = {isa = PBXFileReference; fileEncoding = 4; lastKnownFileType = sourcecode.c.h; path = "UIView+Extension.h"; sourceTree = "<group>"; };
		046A15C71C914F1D00D81D23 /* UIView+Extension.m */ = {isa = PBXFileReference; fileEncoding = 4; lastKnownFileType = sourcecode.c.objc; path = "UIView+Extension.m"; sourceTree = "<group>"; };
		046A15C91C91512200D81D23 /* Test2ViewController.h */ = {isa = PBXFileReference; fileEncoding = 4; lastKnownFileType = sourcecode.c.h; path = Test2ViewController.h; sourceTree = "<group>"; };
		046A15CA1C91512200D81D23 /* Test2ViewController.m */ = {isa = PBXFileReference; fileEncoding = 4; lastKnownFileType = sourcecode.c.objc; path = Test2ViewController.m; sourceTree = "<group>"; };
		046A15CB1C91512200D81D23 /* Test2ViewController.xib */ = {isa = PBXFileReference; fileEncoding = 4; lastKnownFileType = file.xib; path = Test2ViewController.xib; sourceTree = "<group>"; };
		046A15CE1C91585400D81D23 /* NavigationController.h */ = {isa = PBXFileReference; fileEncoding = 4; lastKnownFileType = sourcecode.c.h; path = NavigationController.h; sourceTree = "<group>"; };
		046A15CF1C91585400D81D23 /* NavigationController.m */ = {isa = PBXFileReference; fileEncoding = 4; lastKnownFileType = sourcecode.c.objc; path = NavigationController.m; sourceTree = "<group>"; };
		04CB87791C9010500015F0B2 /* 微博.app */ = {isa = PBXFileReference; explicitFileType = wrapper.application; includeInIndex = 0; path = "微博.app"; sourceTree = BUILT_PRODUCTS_DIR; };
		04CB877D1C9010500015F0B2 /* main.m */ = {isa = PBXFileReference; lastKnownFileType = sourcecode.c.objc; path = main.m; sourceTree = "<group>"; };
		04CB878D1C9010500015F0B2 /* Info.plist */ = {isa = PBXFileReference; lastKnownFileType = text.plist.xml; path = Info.plist; sourceTree = "<group>"; };
		04CB87921C9010500015F0B2 /* 微博Tests.xctest */ = {isa = PBXFileReference; explicitFileType = wrapper.cfbundle; includeInIndex = 0; path = "微博Tests.xctest"; sourceTree = BUILT_PRODUCTS_DIR; };
		04CB87961C9010500015F0B2 /* __Tests.m */ = {isa = PBXFileReference; lastKnownFileType = sourcecode.c.objc; path = __Tests.m; sourceTree = "<group>"; };
		04CB87981C9010500015F0B2 /* Info.plist */ = {isa = PBXFileReference; lastKnownFileType = text.plist.xml; path = Info.plist; sourceTree = "<group>"; };
		04CB879D1C9010500015F0B2 /* 微博UITests.xctest */ = {isa = PBXFileReference; explicitFileType = wrapper.cfbundle; includeInIndex = 0; path = "微博UITests.xctest"; sourceTree = BUILT_PRODUCTS_DIR; };
		04CB87A11C9010500015F0B2 /* __UITests.m */ = {isa = PBXFileReference; lastKnownFileType = sourcecode.c.objc; path = __UITests.m; sourceTree = "<group>"; };
		04CB87A31C9010500015F0B2 /* Info.plist */ = {isa = PBXFileReference; lastKnownFileType = text.plist.xml; path = Info.plist; sourceTree = "<group>"; };
		04CB87B11C9011480015F0B2 /* Images.xcassets */ = {isa = PBXFileReference; lastKnownFileType = folder.assetcatalog; path = Images.xcassets; sourceTree = "<group>"; };
		04CB87B41C90121B0015F0B2 /* AppDelegate.h */ = {isa = PBXFileReference; fileEncoding = 4; lastKnownFileType = sourcecode.c.h; path = AppDelegate.h; sourceTree = "<group>"; };
		04CB87B51C90121B0015F0B2 /* AppDelegate.m */ = {isa = PBXFileReference; fileEncoding = 4; lastKnownFileType = sourcecode.c.objc; path = AppDelegate.m; sourceTree = "<group>"; };
		04CB87B71C9020730015F0B2 /* WeiBoPrefix.pch */ = {isa = PBXFileReference; lastKnownFileType = sourcecode.c.h; path = WeiBoPrefix.pch; sourceTree = "<group>"; };
/* End PBXFileReference section */

/* Begin PBXFrameworksBuildPhase section */
		04CB87761C9010500015F0B2 /* Frameworks */ = {
			isa = PBXFrameworksBuildPhase;
			buildActionMask = 2147483647;
			files = (
			);
			runOnlyForDeploymentPostprocessing = 0;
		};
		04CB878F1C9010500015F0B2 /* Frameworks */ = {
			isa = PBXFrameworksBuildPhase;
			buildActionMask = 2147483647;
			files = (
			);
			runOnlyForDeploymentPostprocessing = 0;
		};
		04CB879A1C9010500015F0B2 /* Frameworks */ = {
			isa = PBXFrameworksBuildPhase;
			buildActionMask = 2147483647;
			files = (
			);
			runOnlyForDeploymentPostprocessing = 0;
		};
/* End PBXFrameworksBuildPhase section */

/* Begin PBXGroup section */
		046A15B01C911CC600D81D23 /* Mudles */ = {
			isa = PBXGroup;
			children = (
				046A15B11C911D0000D81D23 /* HomeController.h */,
				046A15B21C911D0000D81D23 /* HomeController.m */,
				046A15B41C911D2000D81D23 /* MessageController.h */,
				046A15B51C911D2000D81D23 /* MessageController.m */,
				046A15B71C911D3700D81D23 /* DiscoverController.h */,
				046A15B81C911D3700D81D23 /* DiscoverController.m */,
				046A15BA1C911D4F00D81D23 /* MoreController.h */,
				046A15BB1C911D4F00D81D23 /* MoreController.m */,
				046A15C01C91468F00D81D23 /* TestViewController.h */,
				046A15C11C91468F00D81D23 /* TestViewController.m */,
				046A15C21C91468F00D81D23 /* TestViewController.xib */,
				046A15C91C91512200D81D23 /* Test2ViewController.h */,
				046A15CA1C91512200D81D23 /* Test2ViewController.m */,
				046A15CB1C91512200D81D23 /* Test2ViewController.xib */,
			);
			name = Mudles;
			path = Class/Mudles;
			sourceTree = "<group>";
		};
		046A15C51C914F0400D81D23 /* Source */ = {
			isa = PBXGroup;
			children = (
				046A15C61C914F1D00D81D23 /* UIView+Extension.h */,
				046A15C71C914F1D00D81D23 /* UIView+Extension.m */,
			);
			name = Source;
			path = Class/Mudles/Source;
			sourceTree = "<group>";
		};
		04CB87701C9010500015F0B2 = {
			isa = PBXGroup;
			children = (
				04CB877B1C9010500015F0B2 /* 微博 */,
				04CB87951C9010500015F0B2 /* 微博Tests */,
				04CB87A01C9010500015F0B2 /* 微博UITests */,
				04CB877A1C9010500015F0B2 /* Products */,
			);
			sourceTree = "<group>";
		};
		04CB877A1C9010500015F0B2 /* Products */ = {
			isa = PBXGroup;
			children = (
				04CB87791C9010500015F0B2 /* 微博.app */,
				04CB87921C9010500015F0B2 /* 微博Tests.xctest */,
				04CB879D1C9010500015F0B2 /* 微博UITests.xctest */,
			);
			name = Products;
			sourceTree = "<group>";
		};
		04CB877B1C9010500015F0B2 /* 微博 */ = {
			isa = PBXGroup;
			children = (
				04CB87B31C90121B0015F0B2 /* Class */,
				046A15B01C911CC600D81D23 /* Mudles */,
				046A15C51C914F0400D81D23 /* Source */,
				04CB877C1C9010500015F0B2 /* Supporting Files */,
			);
			path = "微博";
			sourceTree = "<group>";
		};
		04CB877C1C9010500015F0B2 /* Supporting Files */ = {
			isa = PBXGroup;
			children = (
				04CB87B11C9011480015F0B2 /* Images.xcassets */,
				04CB877D1C9010500015F0B2 /* main.m */,
				04CB878D1C9010500015F0B2 /* Info.plist */,
				04CB87B71C9020730015F0B2 /* WeiBoPrefix.pch */,
			);
			name = "Supporting Files";
			sourceTree = "<group>";
		};
		04CB87951C9010500015F0B2 /* 微博Tests */ = {
			isa = PBXGroup;
			children = (
				04CB87961C9010500015F0B2 /* __Tests.m */,
				04CB87981C9010500015F0B2 /* Info.plist */,
			);
			path = "微博Tests";
			sourceTree = "<group>";
		};
		04CB87A01C9010500015F0B2 /* 微博UITests */ = {
			isa = PBXGroup;
			children = (
				04CB87A11C9010500015F0B2 /* __UITests.m */,
				04CB87A31C9010500015F0B2 /* Info.plist */,
			);
			path = "微博UITests";
			sourceTree = "<group>";
		};
		04CB87B31C90121B0015F0B2 /* Class */ = {
			isa = PBXGroup;
			children = (
				04CB87B41C90121B0015F0B2 /* AppDelegate.h */,
				04CB87B51C90121B0015F0B2 /* AppDelegate.m */,
				046A15BD1C911FF100D81D23 /* RootViewController.h */,
				046A15BE1C911FF100D81D23 /* RootViewController.m */,
				046A15CE1C91585400D81D23 /* NavigationController.h */,
				046A15CF1C91585400D81D23 /* NavigationController.m */,
			);
			path = Class;
			sourceTree = "<group>";
		};
/* End PBXGroup section */

/* Begin PBXNativeTarget section */
		04CB87781C9010500015F0B2 /* 微博 */ = {
			isa = PBXNativeTarget;
			buildConfigurationList = 04CB87A61C9010500015F0B2 /* Build configuration list for PBXNativeTarget "微博" */;
			buildPhases = (
				04CB87751C9010500015F0B2 /* Sources */,
				04CB87761C9010500015F0B2 /* Frameworks */,
				04CB87771C9010500015F0B2 /* Resources */,
			);
			buildRules = (
			);
			dependencies = (
			);
			name = "微博";
			productName = "微博";
			productReference = 04CB87791C9010500015F0B2 /* 微博.app */;
			productType = "com.apple.product-type.application";
		};
		04CB87911C9010500015F0B2 /* 微博Tests */ = {
			isa = PBXNativeTarget;
			buildConfigurationList = 04CB87A91C9010500015F0B2 /* Build configuration list for PBXNativeTarget "微博Tests" */;
			buildPhases = (
				04CB878E1C9010500015F0B2 /* Sources */,
				04CB878F1C9010500015F0B2 /* Frameworks */,
				04CB87901C9010500015F0B2 /* Resources */,
			);
			buildRules = (
			);
			dependencies = (
				04CB87941C9010500015F0B2 /* PBXTargetDependency */,
			);
			name = "微博Tests";
			productName = "微博Tests";
			productReference = 04CB87921C9010500015F0B2 /* 微博Tests.xctest */;
			productType = "com.apple.product-type.bundle.unit-test";
		};
		04CB879C1C9010500015F0B2 /* 微博UITests */ = {
			isa = PBXNativeTarget;
			buildConfigurationList = 04CB87AC1C9010500015F0B2 /* Build configuration list for PBXNativeTarget "微博UITests" */;
			buildPhases = (
				04CB87991C9010500015F0B2 /* Sources */,
				04CB879A1C9010500015F0B2 /* Frameworks */,
				04CB879B1C9010500015F0B2 /* Resources */,
			);
			buildRules = (
			);
			dependencies = (
				04CB879F1C9010500015F0B2 /* PBXTargetDependency */,
			);
			name = "微博UITests";
			productName = "微博UITests";
			productReference = 04CB879D1C9010500015F0B2 /* 微博UITests.xctest */;
			productType = "com.apple.product-type.bundle.ui-testing";
		};
/* End PBXNativeTarget section */

/* Begin PBXProject section */
		04CB87711C9010500015F0B2 /* Project object */ = {
			isa = PBXProject;
			attributes = {
				LastUpgradeCheck = 0710;
				ORGANIZATIONNAME = com.lili;
				TargetAttributes = {
					04CB87781C9010500015F0B2 = {
						CreatedOnToolsVersion = 7.1;
						DevelopmentTeam = CG7AYHPAKL;
					};
					04CB87911C9010500015F0B2 = {
						CreatedOnToolsVersion = 7.1;
						DevelopmentTeam = CG7AYHPAKL;
						TestTargetID = 04CB87781C9010500015F0B2;
					};
					04CB879C1C9010500015F0B2 = {
						CreatedOnToolsVersion = 7.1;
						DevelopmentTeam = CG7AYHPAKL;
						TestTargetID = 04CB87781C9010500015F0B2;
					};
				};
			};
			buildConfigurationList = 04CB87741C9010500015F0B2 /* Build configuration list for PBXProject "微博" */;
			compatibilityVersion = "Xcode 3.2";
			developmentRegion = English;
			hasScannedForEncodings = 0;
			knownRegions = (
				en,
				Base,
			);
			mainGroup = 04CB87701C9010500015F0B2;
			productRefGroup = 04CB877A1C9010500015F0B2 /* Products */;
			projectDirPath = "";
			projectRoot = "";
			targets = (
				04CB87781C9010500015F0B2 /* 微博 */,
				04CB87911C9010500015F0B2 /* 微博Tests */,
				04CB879C1C9010500015F0B2 /* 微博UITests */,
			);
		};
/* End PBXProject section */

/* Begin PBXResourcesBuildPhase section */
		04CB87771C9010500015F0B2 /* Resources */ = {
			isa = PBXResourcesBuildPhase;
			buildActionMask = 2147483647;
			files = (
				046A15C41C91468F00D81D23 /* TestViewController.xib in Resources */,
				046A15CD1C91512200D81D23 /* Test2ViewController.xib in Resources */,
				04CB87B21C9011480015F0B2 /* Images.xcassets in Resources */,
			);
			runOnlyForDeploymentPostprocessing = 0;
		};
		04CB87901C9010500015F0B2 /* Resources */ = {
			isa = PBXResourcesBuildPhase;
			buildActionMask = 2147483647;
			files = (
			);
			runOnlyForDeploymentPostprocessing = 0;
		};
		04CB879B1C9010500015F0B2 /* Resources */ = {
			isa = PBXResourcesBuildPhase;
			buildActionMask = 2147483647;
			files = (
			);
			runOnlyForDeploymentPostprocessing = 0;
		};
/* End PBXResourcesBuildPhase section */

/* Begin PBXSourcesBuildPhase section */
		04CB87751C9010500015F0B2 /* Sources */ = {
			isa = PBXSourcesBuildPhase;
			buildActionMask = 2147483647;
			files = (
				046A15C81C914F1D00D81D23 /* UIView+Extension.m in Sources */,
				04CB87B61C90121B0015F0B2 /* AppDelegate.m in Sources */,
				046A15BF1C911FF100D81D23 /* RootViewController.m in Sources */,
				046A15B31C911D0000D81D23 /* HomeController.m in Sources */,
				04CB877E1C9010500015F0B2 /* main.m in Sources */,
				046A15CC1C91512200D81D23 /* Test2ViewController.m in Sources */,
				046A15B91C911D3700D81D23 /* DiscoverController.m in Sources */,
				046A15BC1C911D4F00D81D23 /* MoreController.m in Sources */,
				046A15D01C91585400D81D23 /* NavigationController.m in Sources */,
				046A15C31C91468F00D81D23 /* TestViewController.m in Sources */,
				046A15B61C911D2000D81D23 /* MessageController.m in Sources */,
			);
			runOnlyForDeploymentPostprocessing = 0;
		};
		04CB878E1C9010500015F0B2 /* Sources */ = {
			isa = PBXSourcesBuildPhase;
			buildActionMask = 2147483647;
			files = (
				04CB87971C9010500015F0B2 /* __Tests.m in Sources */,
			);
			runOnlyForDeploymentPostprocessing = 0;
		};
		04CB87991C9010500015F0B2 /* Sources */ = {
			isa = PBXSourcesBuildPhase;
			buildActionMask = 2147483647;
			files = (
				04CB87A21C9010500015F0B2 /* __UITests.m in Sources */,
			);
			runOnlyForDeploymentPostprocessing = 0;
		};
/* End PBXSourcesBuildPhase section */

/* Begin PBXTargetDependency section */
		04CB87941C9010500015F0B2 /* PBXTargetDependency */ = {
			isa = PBXTargetDependency;
			target = 04CB87781C9010500015F0B2 /* 微博 */;
			targetProxy = 04CB87931C9010500015F0B2 /* PBXContainerItemProxy */;
		};
		04CB879F1C9010500015F0B2 /* PBXTargetDependency */ = {
			isa = PBXTargetDependency;
			target = 04CB87781C9010500015F0B2 /* 微博 */;
			targetProxy = 04CB879E1C9010500015F0B2 /* PBXContainerItemProxy */;
		};
/* End PBXTargetDependency section */

/* Begin XCBuildConfiguration section */
		04CB87A41C9010500015F0B2 /* Debug */ = {
			isa = XCBuildConfiguration;
			buildSettings = {
				ALWAYS_SEARCH_USER_PATHS = NO;
				CLANG_CXX_LANGUAGE_STANDARD = "gnu++0x";
				CLANG_CXX_LIBRARY = "libc++";
				CLANG_ENABLE_MODULES = YES;
				CLANG_ENABLE_OBJC_ARC = YES;
				CLANG_WARN_BOOL_CONVERSION = YES;
				CLANG_WARN_CONSTANT_CONVERSION = YES;
				CLANG_WARN_DIRECT_OBJC_ISA_USAGE = YES_ERROR;
				CLANG_WARN_EMPTY_BODY = YES;
				CLANG_WARN_ENUM_CONVERSION = YES;
				CLANG_WARN_INT_CONVERSION = YES;
				CLANG_WARN_OBJC_ROOT_CLASS = YES_ERROR;
				CLANG_WARN_UNREACHABLE_CODE = YES;
				CLANG_WARN__DUPLICATE_METHOD_MATCH = YES;
				"CODE_SIGN_IDENTITY[sdk=iphoneos*]" = "iPhone Developer";
				COPY_PHASE_STRIP = NO;
				DEBUG_INFORMATION_FORMAT = dwarf;
				ENABLE_STRICT_OBJC_MSGSEND = YES;
				ENABLE_TESTABILITY = YES;
				GCC_C_LANGUAGE_STANDARD = gnu99;
				GCC_DYNAMIC_NO_PIC = NO;
				GCC_NO_COMMON_BLOCKS = YES;
				GCC_OPTIMIZATION_LEVEL = 0;
				GCC_PREPROCESSOR_DEFINITIONS = (
					"DEBUG=1",
					"$(inherited)",
				);
				GCC_WARN_64_TO_32_BIT_CONVERSION = YES;
				GCC_WARN_ABOUT_RETURN_TYPE = YES_ERROR;
				GCC_WARN_UNDECLARED_SELECTOR = YES;
				GCC_WARN_UNINITIALIZED_AUTOS = YES_AGGRESSIVE;
				GCC_WARN_UNUSED_FUNCTION = YES;
				GCC_WARN_UNUSED_VARIABLE = YES;
				IPHONEOS_DEPLOYMENT_TARGET = 9.1;
				MTL_ENABLE_DEBUG_INFO = YES;
				ONLY_ACTIVE_ARCH = YES;
				SDKROOT = iphoneos;
			};
			name = Debug;
		};
		04CB87A51C9010500015F0B2 /* Release */ = {
			isa = XCBuildConfiguration;
			buildSettings = {
				ALWAYS_SEARCH_USER_PATHS = NO;
				CLANG_CXX_LANGUAGE_STANDARD = "gnu++0x";
				CLANG_CXX_LIBRARY = "libc++";
				CLANG_ENABLE_MODULES = YES;
				CLANG_ENABLE_OBJC_ARC = YES;
				CLANG_WARN_BOOL_CONVERSION = YES;
				CLANG_WARN_CONSTANT_CONVERSION = YES;
				CLANG_WARN_DIRECT_OBJC_ISA_USAGE = YES_ERROR;
				CLANG_WARN_EMPTY_BODY = YES;
				CLANG_WARN_ENUM_CONVERSION = YES;
				CLANG_WARN_INT_CONVERSION = YES;
				CLANG_WARN_OBJC_ROOT_CLASS = YES_ERROR;
				CLANG_WARN_UNREACHABLE_CODE = YES;
				CLANG_WARN__DUPLICATE_METHOD_MATCH = YES;
				"CODE_SIGN_IDENTITY[sdk=iphoneos*]" = "iPhone Developer";
				COPY_PHASE_STRIP = NO;
				DEBUG_INFORMATION_FORMAT = "dwarf-with-dsym";
				ENABLE_NS_ASSERTIONS = NO;
				ENABLE_STRICT_OBJC_MSGSEND = YES;
				GCC_C_LANGUAGE_STANDARD = gnu99;
				GCC_NO_COMMON_BLOCKS = YES;
				GCC_WARN_64_TO_32_BIT_CONVERSION = YES;
				GCC_WARN_ABOUT_RETURN_TYPE = YES_ERROR;
				GCC_WARN_UNDECLARED_SELECTOR = YES;
				GCC_WARN_UNINITIALIZED_AUTOS = YES_AGGRESSIVE;
				GCC_WARN_UNUSED_FUNCTION = YES;
				GCC_WARN_UNUSED_VARIABLE = YES;
				IPHONEOS_DEPLOYMENT_TARGET = 9.1;
				MTL_ENABLE_DEBUG_INFO = NO;
				SDKROOT = iphoneos;
				VALIDATE_PRODUCT = YES;
			};
			name = Release;
		};
		04CB87A71C9010500015F0B2 /* Debug */ = {
			isa = XCBuildConfiguration;
			buildSettings = {
				ASSETCATALOG_COMPILER_APPICON_NAME = AppIcon;
				ASSETCATALOG_COMPILER_LAUNCHIMAGE_NAME = LaunchImage;
				GCC_PREFIX_HEADER = "微博/WeiBoPrefix.pch";
				INFOPLIST_FILE = "微博/Info.plist";
				IPHONEOS_DEPLOYMENT_TARGET = 9.0;
				LD_RUNPATH_SEARCH_PATHS = "$(inherited) @executable_path/Frameworks";
				PRODUCT_BUNDLE_IDENTIFIER = "com.lili.--";
				PRODUCT_NAME = "$(TARGET_NAME)";
			};
			name = Debug;
		};
		04CB87A81C9010500015F0B2 /* Release */ = {
			isa = XCBuildConfiguration;
			buildSettings = {
				ASSETCATALOG_COMPILER_APPICON_NAME = AppIcon;
				ASSETCATALOG_COMPILER_LAUNCHIMAGE_NAME = LaunchImage;
				GCC_PREFIX_HEADER = "微博/WeiBoPrefix.pch";
				INFOPLIST_FILE = "微博/Info.plist";
				IPHONEOS_DEPLOYMENT_TARGET = 9.0;
				LD_RUNPATH_SEARCH_PATHS = "$(inherited) @executable_path/Frameworks";
				PRODUCT_BUNDLE_IDENTIFIER = "com.lili.--";
				PRODUCT_NAME = "$(TARGET_NAME)";
			};
			name = Release;
		};
		04CB87AA1C9010500015F0B2 /* Debug */ = {
			isa = XCBuildConfiguration;
			buildSettings = {
				BUNDLE_LOADER = "$(TEST_HOST)";
				INFOPLIST_FILE = "微博Tests/Info.plist";
				LD_RUNPATH_SEARCH_PATHS = "$(inherited) @executable_path/Frameworks @loader_path/Frameworks";
				PRODUCT_BUNDLE_IDENTIFIER = "com.lili.--Tests";
				PRODUCT_NAME = "$(TARGET_NAME)";
				TEST_HOST = "$(BUILT_PRODUCTS_DIR)/微博.app/微博";
			};
			name = Debug;
		};
		04CB87AB1C9010500015F0B2 /* Release */ = {
			isa = XCBuildConfiguration;
			buildSettings = {
				BUNDLE_LOADER = "$(TEST_HOST)";
				INFOPLIST_FILE = "微博Tests/Info.plist";
				LD_RUNPATH_SEARCH_PATHS = "$(inherited) @executable_path/Frameworks @loader_path/Frameworks";
				PRODUCT_BUNDLE_IDENTIFIER = "com.lili.--Tests";
				PRODUCT_NAME = "$(TARGET_NAME)";
				TEST_HOST = "$(BUILT_PRODUCTS_DIR)/微博.app/微博";
			};
			name = Release;
		};
		04CB87AD1C9010500015F0B2 /* Debug */ = {
			isa = XCBuildConfiguration;
			buildSettings = {
				INFOPLIST_FILE = "微博UITests/Info.plist";
				LD_RUNPATH_SEARCH_PATHS = "$(inherited) @executable_path/Frameworks @loader_path/Frameworks";
				PRODUCT_BUNDLE_IDENTIFIER = "com.lili.--UITests";
				PRODUCT_NAME = "$(TARGET_NAME)";
				TEST_TARGET_NAME = "微博";
				USES_XCTRUNNER = YES;
			};
			name = Debug;
		};
		04CB87AE1C9010500015F0B2 /* Release */ = {
			isa = XCBuildConfiguration;
			buildSettings = {
				INFOPLIST_FILE = "微博UITests/Info.plist";
				LD_RUNPATH_SEARCH_PATHS = "$(inherited) @executable_path/Frameworks @loader_path/Frameworks";
				PRODUCT_BUNDLE_IDENTIFIER = "com.lili.--UITests";
				PRODUCT_NAME = "$(TARGET_NAME)";
				TEST_TARGET_NAME = "微博";
				USES_XCTRUNNER = YES;
			};
			name = Release;
		};
/* End XCBuildConfiguration section */

/* Begin XCConfigurationList section */
		04CB87741C9010500015F0B2 /* Build configuration list for PBXProject "微博" */ = {
			isa = XCConfigurationList;
			buildConfigurations = (
				04CB87A41C9010500015F0B2 /* Debug */,
				04CB87A51C9010500015F0B2 /* Release */,
			);
			defaultConfigurationIsVisible = 0;
			defaultConfigurationName = Release;
		};
		04CB87A61C9010500015F0B2 /* Build configuration list for PBXNativeTarget "微博" */ = {
			isa = XCConfigurationList;
			buildConfigurations = (
				04CB87A71C9010500015F0B2 /* Debug */,
				04CB87A81C9010500015F0B2 /* Release */,
			);
			defaultConfigurationIsVisible = 0;
			defaultConfigurationName = Release;
		};
		04CB87A91C9010500015F0B2 /* Build configuration list for PBXNativeTarget "微博Tests" */ = {
			isa = XCConfigurationList;
			buildConfigurations = (
				04CB87AA1C9010500015F0B2 /* Debug */,
				04CB87AB1C9010500015F0B2 /* Release */,
			);
			defaultConfigurationIsVisible = 0;
			defaultConfigurationName = Release;
		};
		04CB87AC1C9010500015F0B2 /* Build configuration list for PBXNativeTarget "微博UITests" */ = {
			isa = XCConfigurationList;
			buildConfigurations = (
				04CB87AD1C9010500015F0B2 /* Debug */,
				04CB87AE1C9010500015F0B2 /* Release */,
			);
			defaultConfigurationIsVisible = 0;
			defaultConfigurationName = Release;
		};
/* End XCConfigurationList section */
	};
	rootObject = 04CB87711C9010500015F0B2 /* Project object */;
}
